
Microsoft Visual Studio Solution File, Format Version 12.00
# Visual Studio 14
VisualStudioVersion = 14.0.23107.0
MinimumVisualStudioVersion = 10.0.40219.1
Project("{FAE04EC0-301F-11D3-BF4B-00C04F79EFBC}") = "NewBrain", "NewBrain\NewBrain.csproj", "{819E8570-2AD5-4B7D-B539-8D18E6BD0DAF}"
EndProject
Global
	GlobalSection(SolutionConfigurationPlatforms) = preSolution
		Debug|Any CPU = Debug|Any CPU
		Release|Any CPU = Release|Any CPU
	EndGlobalSection
	GlobalSection(ProjectConfigurationPlatforms) = postSolution
		{819E8570-2AD5-4B7D-B539-8D18E6BD0DAF}.Debug|Any CPU.ActiveCfg = Debug|Any CPU
		{819E8570-2AD5-4B7D-B539-8D18E6BD0DAF}.Debug|Any CPU.Build.0 = Debug|Any CPU
		{819E8570-2AD5-4B7D-B539-8D18E6BD0DAF}.Release|Any CPU.ActiveCfg = Release|Any CPU
		{819E8570-2AD5-4B7D-B539-8D18E6BD0DAF}.Release|Any CPU.Build.0 = Release|Any CPU
	EndGlobalSection
	GlobalSection(SolutionProperties) = preSolution
		HideSolutionNode = FALSE
	EndGlobalSection
EndGlobal
